
Microsoft Visual Studio Solution File, Format Version 12.00
# Visual Studio Version 17
VisualStudioVersion = 17.13.35931.197 d17.13
MinimumVisualStudioVersion = 10.0.40219.1
Project("{FAE04EC0-301F-11D3-BF4B-00C04F79EFBC}") = "CompanyEmployees", "CompanyEmployees\CompanyEmployees.csproj", "{A386E4B0-1C0A-4D18-99BB-8C8BF2877520}"
EndProject
Global
	GlobalSection(SolutionConfigurationPlatforms) = preSolution
		Debug|Any CPU = Debug|Any CPU
		Release|Any CPU = Release|Any CPU
	EndGlobalSection
	GlobalSection(ProjectConfigurationPlatforms) = postSolution
		{A386E4B0-1C0A-4D18-99BB-8C8BF2877520}.Debug|Any CPU.ActiveCfg = Debug|Any CPU
		{A386E4B0-1C0A-4D18-99BB-8C8BF2877520}.Debug|Any CPU.Build.0 = Debug|Any CPU
		{A386E4B0-1C0A-4D18-99BB-8C8BF2877520}.Release|Any CPU.ActiveCfg = Release|Any CPU
		{A386E4B0-1C0A-4D18-99BB-8C8BF2877520}.Release|Any CPU.Build.0 = Release|Any CPU
	EndGlobalSection
	GlobalSection(SolutionProperties) = preSolution
		HideSolutionNode = FALSE
	EndGlobalSection
	GlobalSection(ExtensibilityGlobals) = postSolution
		SolutionGuid = {1C4EB4F5-A287-4BD8-9993-1E38DAE52BBE}
	EndGlobalSection
EndGlobal
